{
    "_readme": [
        "This file locks the dependencies of your project to a known state",
        "Read more about it at https://getcomposer.org/doc/01-basic-usage.md#composer-lock-the-lock-file",
        "This file is @generated automatically"
    ],
    "hash": "31becdc31187f25c9f8c3f7da76bf4d3",
    "content-hash": "ef8d67ca81f987070a6fc3b764c8a80a",
    "packages": [
        {
            "name": "nikic/php-parser",
            "version": "v3.0.5",
            "source": {
                "type": "git",
                "url": "https://github.com/nikic/PHP-Parser.git",
                "reference": "2b9e2f71b722f7c53918ab0c25f7646c2013f17d"
            },
            "dist": {
                "type": "zip",
                "url": "https://api.github.com/repos/nikic/PHP-Parser/zipball/2b9e2f71b722f7c53918ab0c25f7646c2013f17d",
                "reference": "2b9e2f71b722f7c53918ab0c25f7646c2013f17d",
                "shasum": ""
            },
            "require": {
                "ext-tokenizer": "*",
                "php": ">=5.5"
            },
            "require-dev": {
                "phpunit/phpunit": "~4.0|~5.0"
            },
            "bin": [
                "bin/php-parse"
            ],
            "type": "library",
            "extra": {
                "branch-alias": {
                    "dev-master": "3.0-dev"
                }
            },
            "autoload": {
                "psr-4": {
                    "PhpParser\\": "lib/PhpParser"
                }
            },
            "notification-url": "https://packagist.org/downloads/",
            "license": [
                "BSD-3-Clause"
            ],
            "authors": [
                {
                    "name": "Nikita Popov"
                }
            ],
            "description": "A PHP parser written in PHP",
            "keywords": [
                "parser",
                "php"
            ],
            "time": "2017-03-05 18:23:57"
        },
        {
            "name": "symfony/finder",
            "version": "v3.2.6",
            "source": {
                "type": "git",
                "url": "https://github.com/symfony/finder.git",
                "reference": "92d7476d2df60cd851a3e13e078664b1deb8ce10"
            },
            "dist": {
                "type": "zip",
                "url": "https://api.github.com/repos/symfony/finder/zipball/92d7476d2df60cd851a3e13e078664b1deb8ce10",
                "reference": "92d7476d2df60cd851a3e13e078664b1deb8ce10",
                "shasum": ""
            },
            "require": {
                "php": ">=5.5.9"
            },
            "type": "library",
            "extra": {
                "branch-alias": {
                    "dev-master": "3.2-dev"
                }
            },
            "autoload": {
                "psr-4": {
                    "Symfony\\Component\\Finder\\": ""
                },
                "exclude-from-classmap": [
                    "/Tests/"
                ]
            },
            "notification-url": "https://packagist.org/downloads/",
            "license": [
                "MIT"
            ],
            "authors": [
                {
                    "name": "Fabien Potencier",
                    "email": "fabien@symfony.com"
                },
                {
                    "name": "Symfony Community",
                    "homepage": "https://symfony.com/contributors"
                }
            ],
            "description": "Symfony Finder Component",
            "homepage": "https://symfony.com",
            "time": "2017-02-21 09:12:04"
        }
    ],
    "packages-dev": [],
    "aliases": [],
    "minimum-stability": "stable",
    "stability-flags": [],
    "prefer-stable": false,
    "prefer-lowest": false,
    "platform": [],
    "platform-dev": []
}
